Microsoft Visual Studio Solution File, Format Version 12.00
# Visual Studio Version 17
VisualStudioVersion = 17.6.33723.286
MinimumVisualStudioVersion = 15.0.28307.438
Project("{9A19103F-16F7-4668-BE54-9A1E7A4F7556}") = "SmsCharacterCalculator", "SmsCharacterCalculator\SmsCharacterCalculator.csproj", "{16B4585A-0F1B-4DA7-99C3-CE2B4CBCB1D1}"
EndProject
Project("{9A19103F-16F7-4668-BE54-9A1E7A4F7556}") = "SmsCharacterCalculator.Test", "SmsCharacterCalculator.Test\SmsCharacterCalculator.Test.csproj", "{282927A1-463C-4203-A75D-CD91EC2D4027}"
EndProject
Global
	GlobalSection(SolutionConfigurationPlatforms) = preSolution
		Debug|Any CPU = Debug|Any CPU
		Release|Any CPU = Release|Any CPU
	EndGlobalSection
	GlobalSection(ProjectConfigurationPlatforms) = postSolution
		{16B4585A-0F1B-4DA7-99C3-CE2B4CBCB1D1}.Debug|Any CPU.ActiveCfg = Debug|Any CPU
		{16B4585A-0F1B-4DA7-99C3-CE2B4CBCB1D1}.Debug|Any CPU.Build.0 = Debug|Any CPU
		{16B4585A-0F1B-4DA7-99C3-CE2B4CBCB1D1}.Release|Any CPU.ActiveCfg = Release|Any CPU
		{16B4585A-0F1B-4DA7-99C3-CE2B4CBCB1D1}.Release|Any CPU.Build.0 = Release|Any CPU
		{282927A1-463C-4203-A75D-CD91EC2D4027}.Debug|Any CPU.ActiveCfg = Debug|Any CPU
		{282927A1-463C-4203-A75D-CD91EC2D4027}.Debug|Any CPU.Build.0 = Debug|Any CPU
		{282927A1-463C-4203-A75D-CD91EC2D4027}.Release|Any CPU.ActiveCfg = Release|Any CPU
		{282927A1-463C-4203-A75D-CD91EC2D4027}.Release|Any CPU.Build.0 = Release|Any CPU
	EndGlobalSection
	GlobalSection(SolutionProperties) = preSolution
		HideSolutionNode = FALSE
	EndGlobalSection
	GlobalSection(ExtensibilityGlobals) = postSolution
		SolutionGuid = {79DCEE20-8082-4A0F-A632-9ED5AA190B7E}
	EndGlobalSection
EndGlobal
